version = 1
revision = 2
requires-python = ">=3.12"
resolution-markers = [
    "sys_platform == 'darwin'",
    "platform_machine == 'aarch64' and sys_platform == 'linux'",
    "(platform_machine != 'aarch64' and sys_platform == 'linux') or (sys_platform != 'darwin' and sys_platform != 'linux')",
]

[[package]]
name = "chardet"
version = "5.2.0"
source = { registry = "https://pypi.org/simple" }
sdist = { url = "https://files.pythonhosted.org/packages/f3/0d/f7b6ab21ec75897ed80c17d79b15951a719226b9fababf1e40ea74d69079/chardet-5.2.0.tar.gz", hash = "sha256:1b3b6ff479a8c414bc3fa2c0852995695c4a026dcd6d0633b2dd092ca39c1cf7", size = 2069618, upload_time = "2023-08-01T19:23:02.662Z" }
wheels = [
    { url = "https://files.pythonhosted.org/packages/38/6f/f5fbc992a329ee4e0f288c1fe0e2ad9485ed064cac731ed2fe47dcc38cbf/chardet-5.2.0-py3-none-any.whl", hash = "sha256:e1cf59446890a00105fe7b7912492ea04b6e6f06d4b742b2c788469e34c82970", size = 199385, upload_time = "2023-08-01T19:23:00.661Z" },
]

[[package]]
name = "colorama"
version = "0.4.6"
source = { registry = "https://pypi.org/simple" }
sdist = { url = "https://files.pythonhosted.org/packages/d8/53/6f443c9a4a8358a93a6792e2acffb9d9d5cb0a5cfd8802644b7b1c9a02e4/colorama-0.4.6.tar.gz", hash = "sha256:08695f5cb7ed6e0531a20572697297273c47b8cae5a63ffc6d6ed5c201be6e44", size = 27697, upload_time = "2022-10-25T02:36:22.414Z" }
wheels = [
    { url = "https://files.pythonhosted.org/packages/d1/d6/3965ed04c63042e047cb6a3e6ed1a63a35087b6a609aa3a15ed8ac56c221/colorama-0.4.6-py2.py3-none-any.whl", hash = "sha256:4f1d9991f5acc0ca119f9d443620b77f9d6b33703e51011c16baf57afb285fc6", size = 25335, upload_time = "2022-10-25T02:36:20.889Z" },
]

[[package]]
name = "decorator"
version = "4.4.2"
source = { registry = "https://pypi.org/simple" }
sdist = { url = "https://files.pythonhosted.org/packages/da/93/84fa12f2dc341f8cf5f022ee09e109961055749df2d0c75c5f98746cfe6c/decorator-4.4.2.tar.gz", hash = "sha256:e3a62f0520172440ca0dcc823749319382e377f37f140a0b99ef45fecb84bfe7", size = 33629, upload_time = "2020-02-29T05:24:43.312Z" }
wheels = [
    { url = "https://files.pythonhosted.org/packages/ed/1b/72a1821152d07cf1d8b6fce298aeb06a7eb90f4d6d41acec9861e7cc6df0/decorator-4.4.2-py2.py3-none-any.whl", hash = "sha256:41fa54c2a0cc4ba648be4fd43cff00aedf5b9465c9bf18d64325bc225f08f760", size = 9239, upload_time = "2020-02-29T05:24:45.993Z" },
]

[[package]]
name = "imagehash"
version = "4.3.1"
source = { registry = "https://pypi.org/simple" }
dependencies = [
    { name = "numpy" },
    { name = "pillow" },
    { name = "pywavelets" },
    { name = "scipy" },
]
sdist = { url = "https://files.pythonhosted.org/packages/6c/f4/9821fe373a4788bca43f00491b008f930de0b12a60ff631852d1f984b966/ImageHash-4.3.1.tar.gz", hash = "sha256:7038d1b7f9e0585beb3dd8c0a956f02b95a346c0b5f24a9e8cc03ebadaf0aa70", size = 296989, upload_time = "2022-09-28T08:44:39.943Z" }
wheels = [
    { url = "https://files.pythonhosted.org/packages/2d/b4/19a746a986c6e38595fa5947c028b1b8e287773dcad766e648897ad2a4cf/ImageHash-4.3.1-py2.py3-none-any.whl", hash = "sha256:5ad9a5cde14fe255745a8245677293ac0d67f09c330986a351f34b614ba62fb5", size = 296543, upload_time = "2022-09-28T08:44:37.573Z" },
]

[[package]]
name = "imageio"
version = "2.36.0"
source = { registry = "https://pypi.org/simple" }
dependencies = [
    { name = "numpy" },
    { name = "pillow" },
]
sdist = { url = "https://files.pythonhosted.org/packages/4f/34/a714fd354f5f7fe650477072d4da21446849b20c02045dcf7ac827495121/imageio-2.36.0.tar.gz", hash = "sha256:1c8f294db862c256e9562354d65aa54725b8dafed7f10f02bb3ec20ec1678850", size = 389492, upload_time = "2024-10-14T02:49:01.896Z" }
wheels = [
    { url = "https://files.pythonhosted.org/packages/4e/e7/26045404a30c8a200e960fb54fbaf4b73d12e58cd28e03b306b084253f4f/imageio-2.36.0-py3-none-any.whl", hash = "sha256:471f1eda55618ee44a3c9960911c35e647d9284c68f077e868df633398f137f0", size = 315414, upload_time = "2024-10-14T02:48:59.564Z" },
]

[[package]]
name = "imageio-ffmpeg"
version = "0.5.1"
source = { registry = "https://pypi.org/simple" }
dependencies = [
    { name = "setuptools" },
]
sdist = { url = "https://files.pythonhosted.org/packages/73/22/b0a0d96ecdbd4a8493c6cd7914a8b2bfbc39f8660f81c20e3bde847182e0/imageio-ffmpeg-0.5.1.tar.gz", hash = "sha256:0ed7a9b31f560b0c9d929c5291cd430edeb9bed3ce9a497480e536dd4326484c", size = 17704, upload_time = "2024-06-03T15:12:23.284Z" }
wheels = [
    { url = "https://files.pythonhosted.org/packages/be/3d/df5dc571520f495ba2152215cd26deebd46e1530eae0261f503bfd137e99/imageio_ffmpeg-0.5.1-py3-none-macosx_10_9_intel.macosx_10_9_x86_64.macosx_10_10_intel.macosx_10_10_x86_64.whl", hash = "sha256:1460e84712b9d06910c1f7bb524096b0341d4b7844cea6c20e099d0a24e795b1", size = 22532925, upload_time = "2024-06-03T15:12:06.451Z" },
    { url = "https://files.pythonhosted.org/packages/fe/44/c9e18a73dfd939b5b0ec843870ac72f1f6c17e31a03149b687a85465bff7/imageio_ffmpeg-0.5.1-py3-none-manylinux2010_x86_64.whl", hash = "sha256:5289f75c7f755b499653f3209fea4efd1430cba0e39831c381aad2d458f7a316", size = 26900394, upload_time = "2024-06-03T15:12:16.376Z" },
    { url = "https://files.pythonhosted.org/packages/cd/ca/8537cdbf1a6852912cb293fa23dc7adf256cec793113485447f0cbf0fe79/imageio_ffmpeg-0.5.1-py3-none-manylinux2014_aarch64.whl", hash = "sha256:7fa9132a291d5eb28c44553550deb40cbdab831f2a614e55360301a6582eb205", size = 22880461, upload_time = "2024-06-03T15:12:20.744Z" },
    { url = "https://files.pythonhosted.org/packages/a9/97/ff7de8ace4425fffc6e8d7646017500c9d5435df608b13cc34de4835ad4f/imageio_ffmpeg-0.5.1-py3-none-win32.whl", hash = "sha256:89efe2c79979d8174ba8476deb7f74d74c331caee3fb2b65ba2883bec0737625", size = 19652102, upload_time = "2024-06-03T15:11:59.16Z" },
    { url = "https://files.pythonhosted.org/packages/a9/1c/1b9c72bf839def47626436ea5ebaf643404f7850482c5fafd71a3deeaa94/imageio_ffmpeg-0.5.1-py3-none-win_amd64.whl", hash = "sha256:1521e79e253bedbdd36a547e0cbd94a025ba0b558e17f08fea687d805a0e4698", size = 22619891, upload_time = "2024-06-03T15:12:11.248Z" },
]

[[package]]
name = "momentis"
version = "0.1.0"
source = { editable = "." }
dependencies = [
    { name = "chardet" },
    { name = "imagehash" },
    { name = "moviepy" },
    { name = "opencv-python" },
    { name = "tesserocr" },
    { name = "tqdm" },
]

[package.metadata]
requires-dist = [
    { name = "chardet", specifier = ">=5.2.0" },
    { name = "imagehash", specifier = ">=4.3.1" },
    { name = "moviepy", specifier = ">=2.1.2" },
    { name = "opencv-python", specifier = ">=4.10.0" },
    { name = "tesserocr", specifier = ">=2.8.0" },
    { name = "tqdm", specifier = ">=4.66.5" },
]

[[package]]
name = "moviepy"
version = "2.1.2"
source = { registry = "https://pypi.org/simple" }
dependencies = [
    { name = "decorator" },
    { name = "imageio" },
    { name = "imageio-ffmpeg" },
    { name = "numpy" },
    { name = "pillow" },
    { name = "proglog" },
    { name = "python-dotenv" },
]
sdist = { url = "https://files.pythonhosted.org/packages/34/fd/4afd90d35ea00dd82e67b7dcbbb2994eae97a2d24a0704c3f01505da4a1c/moviepy-2.1.2.tar.gz", hash = "sha256:22c57a7472f607eaad9fe80791df67c05082e1060fb74817c4eaac68e138ee77", size = 58425716, upload_time = "2025-01-10T11:54:19.055Z" }
wheels = [
    { url = "https://files.pythonhosted.org/packages/61/ee/ef46fdfbdc7e1316da60142ffc1867e6e12a22341636dce62856bb325272/moviepy-2.1.2-py3-none-any.whl", hash = "sha256:6cdc0d739110c8f347a224d72bd59eebaec010720d01eff290d37111bf545a73", size = 126708, upload_time = "2025-01-10T11:54:12.175Z" },
]

[[package]]
name = "numpy"
version = "2.1.2"
source = { registry = "https://pypi.org/simple" }
sdist = { url = "https://files.pythonhosted.org/packages/4b/d1/8a730ea07f4a37d94f9172f4ce1d81064b7a64766b460378be278952de75/numpy-2.1.2.tar.gz", hash = "sha256:13532a088217fa624c99b843eeb54640de23b3414b14aa66d023805eb731066c", size = 18878063, upload_time = "2024-10-05T18:45:44.548Z" }
wheels = [
    { url = "https://files.pythonhosted.org/packages/a0/7d/554a6838f37f3ada5a55f25173c619d556ae98092a6e01afb6e710501d70/numpy-2.1.2-cp312-cp312-macosx_10_13_x86_64.whl", hash = "sha256:d7bf0a4f9f15b32b5ba53147369e94296f5fffb783db5aacc1be15b4bf72f43b", size = 20848077, upload_time = "2024-10-05T18:34:52.5Z" },
    { url = "https://files.pythonhosted.org/packages/b0/29/cb48a402ea879e645b16218718f3f7d9588a77d674a9dcf22e4c43487636/numpy-2.1.2-cp312-cp312-macosx_11_0_arm64.whl", hash = "sha256:b1d0fcae4f0949f215d4632be684a539859b295e2d0cb14f78ec231915d644db", size = 13493242, upload_time = "2024-10-05T18:35:13.6Z" },
    { url = "https://files.pythonhosted.org/packages/56/44/f899b0581766c230da42f751b7b8896d096640b19b312164c267e48d36cb/numpy-2.1.2-cp312-cp312-macosx_14_0_arm64.whl", hash = "sha256:f751ed0a2f250541e19dfca9f1eafa31a392c71c832b6bb9e113b10d050cb0f1", size = 5089219, upload_time = "2024-10-05T18:35:23.628Z" },
    { url = "https://files.pythonhosted.org/packages/79/8f/b987070d45161a7a4504afc67ed38544ed2c0ed5576263599a0402204a9c/numpy-2.1.2-cp312-cp312-macosx_14_0_x86_64.whl", hash = "sha256:bd33f82e95ba7ad632bc57837ee99dba3d7e006536200c4e9124089e1bf42426", size = 6620167, upload_time = "2024-10-05T18:35:34.112Z" },
    { url = "https://files.pythonhosted.org/packages/c4/a7/af3329fda3c3ec31d9b650e42bbcd3422fc62a765cbb1405fde4177a0996/numpy-2.1.2-cp312-cp312-manylinux_2_17_aarch64.manylinux2014_aarch64.whl", hash = "sha256:1b8cde4f11f0a975d1fd59373b32e2f5a562ade7cde4f85b7137f3de8fbb29a0", size = 13604905, upload_time = "2024-10-05T18:35:54.525Z" },
    { url = "https://files.pythonhosted.org/packages/9b/b4/e3c7e6fab0f77fff6194afa173d1f2342073d91b1d3b4b30b17c3fb4407a/numpy-2.1.2-cp312-cp312-manylinux_2_17_x86_64.manylinux2014_x86_64.whl", hash = "sha256:6d95f286b8244b3649b477ac066c6906fbb2905f8ac19b170e2175d3d799f4df", size = 16041825, upload_time = "2024-10-05T18:36:20.729Z" },
    { url = "https://files.pythonhosted.org/packages/e9/50/6828e66a78aa03147c111f84d55f33ce2dde547cb578d6744a3b06a0124b/numpy-2.1.2-cp312-cp312-musllinux_1_1_x86_64.whl", hash = "sha256:ab4754d432e3ac42d33a269c8567413bdb541689b02d93788af4131018cbf366", size = 16409541, upload_time = "2024-10-05T18:36:45.743Z" },
    { url = "https://files.pythonhosted.org/packages/bf/72/66af7916d9c3c6dbfbc8acdd4930c65461e1953374a2bc43d00f948f004a/numpy-2.1.2-cp312-cp312-musllinux_1_2_aarch64.whl", hash = "sha256:e585c8ae871fd38ac50598f4763d73ec5497b0de9a0ab4ef5b69f01c6a046142", size = 14081134, upload_time = "2024-10-05T18:37:07.433Z" },
    { url = "https://files.pythonhosted.org/packages/dc/5a/59a67d84f33fe00ae74f0b5b69dd4f93a586a4aba7f7e19b54b2133db038/numpy-2.1.2-cp312-cp312-win32.whl", hash = "sha256:9c6c754df29ce6a89ed23afb25550d1c2d5fdb9901d9c67a16e0b16eaf7e2550", size = 6237784, upload_time = "2024-10-05T18:37:18.611Z" },
    { url = "https://files.pythonhosted.org/packages/4c/79/73735a6a5dad6059c085f240a4e74c9270feccd2bc66e4d31b5ca01d329c/numpy-2.1.2-cp312-cp312-win_amd64.whl", hash = "sha256:456e3b11cb79ac9946c822a56346ec80275eaf2950314b249b512896c0d2505e", size = 12568254, upload_time = "2024-10-05T18:37:38.159Z" },
    { url = "https://files.pythonhosted.org/packages/16/72/716fa1dbe92395a9a623d5049203ff8ddb0cfce65b9df9117c3696ccc011/numpy-2.1.2-cp313-cp313-macosx_10_13_x86_64.whl", hash = "sha256:a84498e0d0a1174f2b3ed769b67b656aa5460c92c9554039e11f20a05650f00d", size = 20834690, upload_time = "2024-10-05T18:38:09.046Z" },
    { url = "https://files.pythonhosted.org/packages/1e/fb/3e85a39511586053b5c6a59a643879e376fae22230ebfef9cfabb0e032e2/numpy-2.1.2-cp313-cp313-macosx_11_0_arm64.whl", hash = "sha256:4d6ec0d4222e8ffdab1744da2560f07856421b367928026fb540e1945f2eeeaf", size = 13507474, upload_time = "2024-10-05T18:38:29.84Z" },
    { url = "https://files.pythonhosted.org/packages/35/eb/5677556d9ba13436dab51e129f98d4829d95cd1b6bd0e199c14485a4bdb9/numpy-2.1.2-cp313-cp313-macosx_14_0_arm64.whl", hash = "sha256:259ec80d54999cc34cd1eb8ded513cb053c3bf4829152a2e00de2371bd406f5e", size = 5074742, upload_time = "2024-10-05T18:38:39.034Z" },
    { url = "https://files.pythonhosted.org/packages/3e/c5/6c5ef5ba41b65a7e51bed50dbf3e1483eb578055633dd013e811a28e96a1/numpy-2.1.2-cp313-cp313-macosx_14_0_x86_64.whl", hash = "sha256:675c741d4739af2dc20cd6c6a5c4b7355c728167845e3c6b0e824e4e5d36a6c3", size = 6606787, upload_time = "2024-10-05T18:38:49.89Z" },
    { url = "https://files.pythonhosted.org/packages/08/ac/f2f29dd4fd325b379c7dc932a0ebab22f0e031dbe80b2f6019b291a3a544/numpy-2.1.2-cp313-cp313-manylinux_2_17_aarch64.manylinux2014_aarch64.whl", hash = "sha256:05b2d4e667895cc55e3ff2b56077e4c8a5604361fc21a042845ea3ad67465aa8", size = 13601333, upload_time = "2024-10-05T18:39:09.893Z" },
    { url = "https://files.pythonhosted.org/packages/44/26/63f5f4e5089654dfb858f4892215ed968cd1a68e6f4a83f9961f84f855cb/numpy-2.1.2-cp313-cp313-manylinux_2_17_x86_64.manylinux2014_x86_64.whl", hash = "sha256:43cca367bf94a14aca50b89e9bc2061683116cfe864e56740e083392f533ce7a", size = 16038090, upload_time = "2024-10-05T18:39:34.351Z" },
    { url = "https://files.pythonhosted.org/packages/1d/21/015e0594de9c3a8d5edd24943d2bd23f102ec71aec026083f822f86497e2/numpy-2.1.2-cp313-cp313-musllinux_1_1_x86_64.whl", hash = "sha256:76322dcdb16fccf2ac56f99048af32259dcc488d9b7e25b51e5eca5147a3fb98", size = 16410865, upload_time = "2024-10-05T18:39:59.156Z" },
    { url = "https://files.pythonhosted.org/packages/df/01/c1bcf9e6025d79077fbf3f3ee503b50aa7bfabfcd8f4b54f5829f4c00f3f/numpy-2.1.2-cp313-cp313-musllinux_1_2_aarch64.whl", hash = "sha256:32e16a03138cabe0cb28e1007ee82264296ac0983714094380b408097a418cfe", size = 14078077, upload_time = "2024-10-05T18:40:21.4Z" },
    { url = "https://files.pythonhosted.org/packages/ba/06/db9d127d63bd11591770ba9f3d960f8041e0f895184b9351d4b1b5b56983/numpy-2.1.2-cp313-cp313-win32.whl", hash = "sha256:242b39d00e4944431a3cd2db2f5377e15b5785920421993770cddb89992c3f3a", size = 6234904, upload_time = "2024-10-05T18:43:17.586Z" },
    { url = "https://files.pythonhosted.org/packages/a9/96/9f61f8f95b6e0ea0aa08633b704c75d1882bdcb331bdf8bfd63263b25b00/numpy-2.1.2-cp313-cp313-win_amd64.whl", hash = "sha256:f2ded8d9b6f68cc26f8425eda5d3877b47343e68ca23d0d0846f4d312ecaa445", size = 12561910, upload_time = "2024-10-05T18:43:37.347Z" },
    { url = "https://files.pythonhosted.org/packages/36/b8/033f627821784a48e8f75c218033471eebbaacdd933f8979c79637a1b44b/numpy-2.1.2-cp313-cp313t-macosx_10_13_x86_64.whl", hash = "sha256:2ffef621c14ebb0188a8633348504a35c13680d6da93ab5cb86f4e54b7e922b5", size = 20857719, upload_time = "2024-10-05T18:40:52.31Z" },
    { url = "https://files.pythonhosted.org/packages/96/46/af5726fde5b74ed83f2f17a73386d399319b7ed4d51279fb23b721d0816d/numpy-2.1.2-cp313-cp313t-macosx_11_0_arm64.whl", hash = "sha256:ad369ed238b1959dfbade9018a740fb9392c5ac4f9b5173f420bd4f37ba1f7a0", size = 13518826, upload_time = "2024-10-05T18:41:13.504Z" },
    { url = "https://files.pythonhosted.org/packages/db/6e/8ce677edf36da1c4dae80afe5529f47690697eb55b4864673af260ccea7b/numpy-2.1.2-cp313-cp313t-macosx_14_0_arm64.whl", hash = "sha256:d82075752f40c0ddf57e6e02673a17f6cb0f8eb3f587f63ca1eaab5594da5b17", size = 5115036, upload_time = "2024-10-05T18:41:23.277Z" },
    { url = "https://files.pythonhosted.org/packages/6a/ba/3cce44fb1b8438042c11847048812a776f75ee0e7070179c22e4cfbf420c/numpy-2.1.2-cp313-cp313t-macosx_14_0_x86_64.whl", hash = "sha256:1600068c262af1ca9580a527d43dc9d959b0b1d8e56f8a05d830eea39b7c8af6", size = 6628641, upload_time = "2024-10-05T18:41:35.209Z" },
    { url = "https://files.pythonhosted.org/packages/59/c8/e722998720ccbd35ffbcf1d1b8ed0aa2304af88d3f1c38e06ebf983599b3/numpy-2.1.2-cp313-cp313t-manylinux_2_17_aarch64.manylinux2014_aarch64.whl", hash = "sha256:a26ae94658d3ba3781d5e103ac07a876b3e9b29db53f68ed7df432fd033358a8", size = 13574803, upload_time = "2024-10-05T18:41:55.827Z" },
    { url = "https://files.pythonhosted.org/packages/7c/8e/fc1fdd83a55476765329ac2913321c4aed5b082a7915095628c4ca30ea72/numpy-2.1.2-cp313-cp313t-manylinux_2_17_x86_64.manylinux2014_x86_64.whl", hash = "sha256:13311c2db4c5f7609b462bc0f43d3c465424d25c626d95040f073e30f7570e35", size = 16021174, upload_time = "2024-10-05T18:42:20.29Z" },
    { url = "https://files.pythonhosted.org/packages/2a/b6/a790742aa88067adb4bd6c89a946778c1417d4deaeafce3ca928f26d4c52/numpy-2.1.2-cp313-cp313t-musllinux_1_1_x86_64.whl", hash = "sha256:2abbf905a0b568706391ec6fa15161fad0fb5d8b68d73c461b3c1bab6064dd62", size = 16400117, upload_time = "2024-10-05T18:42:44.813Z" },
    { url = "https://files.pythonhosted.org/packages/48/6f/129e3c17e3befe7fefdeaa6890f4c4df3f3cf0831aa053802c3862da67aa/numpy-2.1.2-cp313-cp313t-musllinux_1_2_aarch64.whl", hash = "sha256:ef444c57d664d35cac4e18c298c47d7b504c66b17c2ea91312e979fcfbdfb08a", size = 14066202, upload_time = "2024-10-05T18:43:06.803Z" },
]

[[package]]
name = "opencv-python"
version = "4.10.0.84"
source = { registry = "https://pypi.org/simple" }
dependencies = [
    { name = "numpy" },
]
sdist = { url = "https://files.pythonhosted.org/packages/4a/e7/b70a2d9ab205110d715906fc8ec83fbb00404aeb3a37a0654fdb68eb0c8c/opencv-python-4.10.0.84.tar.gz", hash = "sha256:72d234e4582e9658ffea8e9cae5b63d488ad06994ef12d81dc303b17472f3526", size = 95103981, upload_time = "2024-06-17T18:29:56.757Z" }
wheels = [
    { url = "https://files.pythonhosted.org/packages/66/82/564168a349148298aca281e342551404ef5521f33fba17b388ead0a84dc5/opencv_python-4.10.0.84-cp37-abi3-macosx_11_0_arm64.whl", hash = "sha256:fc182f8f4cda51b45f01c64e4cbedfc2f00aff799debebc305d8d0210c43f251", size = 54835524, upload_time = "2024-06-18T04:57:32.973Z" },
    { url = "https://files.pythonhosted.org/packages/64/4a/016cda9ad7cf18c58ba074628a4eaae8aa55f3fd06a266398cef8831a5b9/opencv_python-4.10.0.84-cp37-abi3-macosx_12_0_x86_64.whl", hash = "sha256:71e575744f1d23f79741450254660442785f45a0797212852ee5199ef12eed98", size = 56475426, upload_time = "2024-06-17T19:34:10.927Z" },
    { url = "https://files.pythonhosted.org/packages/81/e4/7a987ebecfe5ceaf32db413b67ff18eb3092c598408862fff4d7cc3fd19b/opencv_python-4.10.0.84-cp37-abi3-manylinux_2_17_aarch64.manylinux2014_aarch64.whl", hash = "sha256:09a332b50488e2dda866a6c5573ee192fe3583239fb26ff2f7f9ceb0bc119ea6", size = 41746971, upload_time = "2024-06-17T20:00:25.211Z" },
    { url = "https://files.pythonhosted.org/packages/3f/a4/d2537f47fd7fcfba966bd806e3ec18e7ee1681056d4b0a9c8d983983e4d5/opencv_python-4.10.0.84-cp37-abi3-manylinux_2_17_x86_64.manylinux2014_x86_64.whl", hash = "sha256:9ace140fc6d647fbe1c692bcb2abce768973491222c067c131d80957c595b71f", size = 62548253, upload_time = "2024-06-17T18:29:43.659Z" },
    { url = "https://files.pythonhosted.org/packages/1e/39/bbf57e7b9dab623e8773f6ff36385456b7ae7fa9357a5e53db732c347eac/opencv_python-4.10.0.84-cp37-abi3-win32.whl", hash = "sha256:2db02bb7e50b703f0a2d50c50ced72e95c574e1e5a0bb35a8a86d0b35c98c236", size = 28737688, upload_time = "2024-06-17T18:28:13.177Z" },
    { url = "https://files.pythonhosted.org/packages/ec/6c/fab8113424af5049f85717e8e527ca3773299a3c6b02506e66436e19874f/opencv_python-4.10.0.84-cp37-abi3-win_amd64.whl", hash = "sha256:32dbbd94c26f611dc5cc6979e6b7aa1f55a64d6b463cc1dcd3c95505a63e48fe", size = 38842521, upload_time = "2024-06-17T18:28:21.813Z" },
]

[[package]]
name = "pillow"
version = "10.4.0"
source = { registry = "https://pypi.org/simple" }
sdist = { url = "https://files.pythonhosted.org/packages/cd/74/ad3d526f3bf7b6d3f408b73fde271ec69dfac8b81341a318ce825f2b3812/pillow-10.4.0.tar.gz", hash = "sha256:166c1cd4d24309b30d61f79f4a9114b7b2313d7450912277855ff5dfd7cd4a06", size = 46555059, upload_time = "2024-07-01T09:48:43.583Z" }
wheels = [
    { url = "https://files.pythonhosted.org/packages/05/cb/0353013dc30c02a8be34eb91d25e4e4cf594b59e5a55ea1128fde1e5f8ea/pillow-10.4.0-cp312-cp312-macosx_10_10_x86_64.whl", hash = "sha256:673655af3eadf4df6b5457033f086e90299fdd7a47983a13827acf7459c15d94", size = 3509350, upload_time = "2024-07-01T09:46:17.177Z" },
    { url = "https://files.pythonhosted.org/packages/e7/cf/5c558a0f247e0bf9cec92bff9b46ae6474dd736f6d906315e60e4075f737/pillow-10.4.0-cp312-cp312-macosx_11_0_arm64.whl", hash = "sha256:866b6942a92f56300012f5fbac71f2d610312ee65e22f1aa2609e491284e5597", size = 3374980, upload_time = "2024-07-01T09:46:19.169Z" },
    { url = "https://files.pythonhosted.org/packages/84/48/6e394b86369a4eb68b8a1382c78dc092245af517385c086c5094e3b34428/pillow-10.4.0-cp312-cp312-manylinux_2_17_aarch64.manylinux2014_aarch64.whl", hash = "sha256:29dbdc4207642ea6aad70fbde1a9338753d33fb23ed6956e706936706f52dd80", size = 4343799, upload_time = "2024-07-01T09:46:21.883Z" },
    { url = "https://files.pythonhosted.org/packages/3b/f3/a8c6c11fa84b59b9df0cd5694492da8c039a24cd159f0f6918690105c3be/pillow-10.4.0-cp312-cp312-manylinux_2_17_x86_64.manylinux2014_x86_64.whl", hash = "sha256:bf2342ac639c4cf38799a44950bbc2dfcb685f052b9e262f446482afaf4bffca", size = 4459973, upload_time = "2024-07-01T09:46:24.321Z" },
    { url = "https://files.pythonhosted.org/packages/7d/1b/c14b4197b80150fb64453585247e6fb2e1d93761fa0fa9cf63b102fde822/pillow-10.4.0-cp312-cp312-manylinux_2_28_aarch64.whl", hash = "sha256:f5b92f4d70791b4a67157321c4e8225d60b119c5cc9aee8ecf153aace4aad4ef", size = 4370054, upload_time = "2024-07-01T09:46:26.825Z" },
    { url = "https://files.pythonhosted.org/packages/55/77/40daddf677897a923d5d33329acd52a2144d54a9644f2a5422c028c6bf2d/pillow-10.4.0-cp312-cp312-manylinux_2_28_x86_64.whl", hash = "sha256:86dcb5a1eb778d8b25659d5e4341269e8590ad6b4e8b44d9f4b07f8d136c414a", size = 4539484, upload_time = "2024-07-01T09:46:29.355Z" },
    { url = "https://files.pythonhosted.org/packages/40/54/90de3e4256b1207300fb2b1d7168dd912a2fb4b2401e439ba23c2b2cabde/pillow-10.4.0-cp312-cp312-musllinux_1_2_aarch64.whl", hash = "sha256:780c072c2e11c9b2c7ca37f9a2ee8ba66f44367ac3e5c7832afcfe5104fd6d1b", size = 4477375, upload_time = "2024-07-01T09:46:31.756Z" },
    { url = "https://files.pythonhosted.org/packages/13/24/1bfba52f44193860918ff7c93d03d95e3f8748ca1de3ceaf11157a14cf16/pillow-10.4.0-cp312-cp312-musllinux_1_2_x86_64.whl", hash = "sha256:37fb69d905be665f68f28a8bba3c6d3223c8efe1edf14cc4cfa06c241f8c81d9", size = 4608773, upload_time = "2024-07-01T09:46:33.73Z" },
    { url = "https://files.pythonhosted.org/packages/55/04/5e6de6e6120451ec0c24516c41dbaf80cce1b6451f96561235ef2429da2e/pillow-10.4.0-cp312-cp312-win32.whl", hash = "sha256:7dfecdbad5c301d7b5bde160150b4db4c659cee2b69589705b6f8a0c509d9f42", size = 2235690, upload_time = "2024-07-01T09:46:36.587Z" },
    { url = "https://files.pythonhosted.org/packages/74/0a/d4ce3c44bca8635bd29a2eab5aa181b654a734a29b263ca8efe013beea98/pillow-10.4.0-cp312-cp312-win_amd64.whl", hash = "sha256:1d846aea995ad352d4bdcc847535bd56e0fd88d36829d2c90be880ef1ee4668a", size = 2554951, upload_time = "2024-07-01T09:46:38.777Z" },
    { url = "https://files.pythonhosted.org/packages/b5/ca/184349ee40f2e92439be9b3502ae6cfc43ac4b50bc4fc6b3de7957563894/pillow-10.4.0-cp312-cp312-win_arm64.whl", hash = "sha256:e553cad5179a66ba15bb18b353a19020e73a7921296a7979c4a2b7f6a5cd57f9", size = 2243427, upload_time = "2024-07-01T09:46:43.15Z" },
    { url = "https://files.pythonhosted.org/packages/c3/00/706cebe7c2c12a6318aabe5d354836f54adff7156fd9e1bd6c89f4ba0e98/pillow-10.4.0-cp313-cp313-macosx_10_13_x86_64.whl", hash = "sha256:8bc1a764ed8c957a2e9cacf97c8b2b053b70307cf2996aafd70e91a082e70df3", size = 3525685, upload_time = "2024-07-01T09:46:45.194Z" },
    { url = "https://files.pythonhosted.org/packages/cf/76/f658cbfa49405e5ecbfb9ba42d07074ad9792031267e782d409fd8fe7c69/pillow-10.4.0-cp313-cp313-macosx_11_0_arm64.whl", hash = "sha256:6209bb41dc692ddfee4942517c19ee81b86c864b626dbfca272ec0f7cff5d9fb", size = 3374883, upload_time = "2024-07-01T09:46:47.331Z" },
    { url = "https://files.pythonhosted.org/packages/46/2b/99c28c4379a85e65378211971c0b430d9c7234b1ec4d59b2668f6299e011/pillow-10.4.0-cp313-cp313-manylinux_2_17_aarch64.manylinux2014_aarch64.whl", hash = "sha256:bee197b30783295d2eb680b311af15a20a8b24024a19c3a26431ff83eb8d1f70", size = 4339837, upload_time = "2024-07-01T09:46:49.647Z" },
    { url = "https://files.pythonhosted.org/packages/f1/74/b1ec314f624c0c43711fdf0d8076f82d9d802afd58f1d62c2a86878e8615/pillow-10.4.0-cp313-cp313-manylinux_2_17_x86_64.manylinux2014_x86_64.whl", hash = "sha256:1ef61f5dd14c300786318482456481463b9d6b91ebe5ef12f405afbba77ed0be", size = 4455562, upload_time = "2024-07-01T09:46:51.811Z" },
    { url = "https://files.pythonhosted.org/packages/4a/2a/4b04157cb7b9c74372fa867096a1607e6fedad93a44deeff553ccd307868/pillow-10.4.0-cp313-cp313-manylinux_2_28_aarch64.whl", hash = "sha256:297e388da6e248c98bc4a02e018966af0c5f92dfacf5a5ca22fa01cb3179bca0", size = 4366761, upload_time = "2024-07-01T09:46:53.961Z" },
    { url = "https://files.pythonhosted.org/packages/ac/7b/8f1d815c1a6a268fe90481232c98dd0e5fa8c75e341a75f060037bd5ceae/pillow-10.4.0-cp313-cp313-manylinux_2_28_x86_64.whl", hash = "sha256:e4db64794ccdf6cb83a59d73405f63adbe2a1887012e308828596100a0b2f6cc", size = 4536767, upload_time = "2024-07-01T09:46:56.664Z" },
    { url = "https://files.pythonhosted.org/packages/e5/77/05fa64d1f45d12c22c314e7b97398ffb28ef2813a485465017b7978b3ce7/pillow-10.4.0-cp313-cp313-musllinux_1_2_aarch64.whl", hash = "sha256:bd2880a07482090a3bcb01f4265f1936a903d70bc740bfcb1fd4e8a2ffe5cf5a", size = 4477989, upload_time = "2024-07-01T09:46:58.977Z" },
    { url = "https://files.pythonhosted.org/packages/12/63/b0397cfc2caae05c3fb2f4ed1b4fc4fc878f0243510a7a6034ca59726494/pillow-10.4.0-cp313-cp313-musllinux_1_2_x86_64.whl", hash = "sha256:4b35b21b819ac1dbd1233317adeecd63495f6babf21b7b2512d244ff6c6ce309", size = 4610255, upload_time = "2024-07-01T09:47:01.189Z" },
    { url = "https://files.pythonhosted.org/packages/7b/f9/cfaa5082ca9bc4a6de66ffe1c12c2d90bf09c309a5f52b27759a596900e7/pillow-10.4.0-cp313-cp313-win32.whl", hash = "sha256:551d3fd6e9dc15e4c1eb6fc4ba2b39c0c7933fa113b220057a34f4bb3268a060", size = 2235603, upload_time = "2024-07-01T09:47:03.918Z" },
    { url = "https://files.pythonhosted.org/packages/01/6a/30ff0eef6e0c0e71e55ded56a38d4859bf9d3634a94a88743897b5f96936/pillow-10.4.0-cp313-cp313-win_amd64.whl", hash = "sha256:030abdbe43ee02e0de642aee345efa443740aa4d828bfe8e2eb11922ea6a21ea", size = 2554972, upload_time = "2024-07-01T09:47:06.152Z" },
    { url = "https://files.pythonhosted.org/packages/48/2c/2e0a52890f269435eee38b21c8218e102c621fe8d8df8b9dd06fabf879ba/pillow-10.4.0-cp313-cp313-win_arm64.whl", hash = "sha256:5b001114dd152cfd6b23befeb28d7aee43553e2402c9f159807bf55f33af8a8d", size = 2243375, upload_time = "2024-07-01T09:47:09.065Z" },
]

[[package]]
name = "proglog"
version = "0.1.10"
source = { registry = "https://pypi.org/simple" }
dependencies = [
    { name = "tqdm" },
]
sdist = { url = "https://files.pythonhosted.org/packages/bd/b9/1cfff8f6a797ea99bf7ffc8c5fd811c135837948fd90f3ea86fd5166ee4f/proglog-0.1.10.tar.gz", hash = "sha256:658c28c9c82e4caeb2f25f488fff9ceace22f8d69b15d0c1c86d64275e4ddab4", size = 11088, upload_time = "2022-05-05T15:31:48.563Z" }
wheels = [
    { url = "https://files.pythonhosted.org/packages/8b/f5/cab5cf6a540c31f5099043de0ae43990fd9cf66f75ecb5e9f254a4e4d4ee/proglog-0.1.10-py3-none-any.whl", hash = "sha256:19d5da037e8c813da480b741e3fa71fb1ac0a5b02bf21c41577c7f327485ec50", size = 6114, upload_time = "2022-05-05T15:31:46.674Z" },
]

[[package]]
name = "python-dotenv"
version = "1.1.0"
source = { registry = "https://pypi.org/simple" }
sdist = { url = "https://files.pythonhosted.org/packages/88/2c/7bb1416c5620485aa793f2de31d3df393d3686aa8a8506d11e10e13c5baf/python_dotenv-1.1.0.tar.gz", hash = "sha256:41f90bc6f5f177fb41f53e87666db362025010eb28f60a01c9143bfa33a2b2d5", size = 39920, upload_time = "2025-03-25T10:14:56.835Z" }
wheels = [
    { url = "https://files.pythonhosted.org/packages/1e/18/98a99ad95133c6a6e2005fe89faedf294a748bd5dc803008059409ac9b1e/python_dotenv-1.1.0-py3-none-any.whl", hash = "sha256:d7c01d9e2293916c18baf562d95698754b0dbbb5e74d457c45d4f6561fb9d55d", size = 20256, upload_time = "2025-03-25T10:14:55.034Z" },
]

[[package]]
name = "pywavelets"
version = "1.7.0"
source = { registry = "https://pypi.org/simple" }
dependencies = [
    { name = "numpy" },
]
sdist = { url = "https://files.pythonhosted.org/packages/94/0a/c235e7dd60d136b14cd8793c440e8d22e7880df5588162feb02d6d6118a3/pywavelets-1.7.0.tar.gz", hash = "sha256:b47250e5bb853e37db5db423bafc82847f4cde0ffdf7aebb06336a993bc174f6", size = 3934767, upload_time = "2024-08-12T16:38:28.225Z" }
wheels = [
    { url = "https://files.pythonhosted.org/packages/72/48/b6dbb1124bfa15e2d16dc2c199562d0a9c3d7e7333348b29d05f68cdf146/pywavelets-1.7.0-cp312-cp312-macosx_10_9_x86_64.whl", hash = "sha256:badb7dc70ecd8042ddd98fdd41803d5e5b28bf7c90910bb1751906812326ab54", size = 4317328, upload_time = "2024-08-12T16:37:42.842Z" },
    { url = "https://files.pythonhosted.org/packages/9c/cf/b5b1706d7054d792bdf678c894f4ad8f8cdaa789f82b7eaa48b80aa45ba0/pywavelets-1.7.0-cp312-cp312-macosx_11_0_arm64.whl", hash = "sha256:74e838e0225783f37ae346e60a9f783b4a31adc5731b9cb6d687ee5c93bd87b7", size = 4287220, upload_time = "2024-08-12T16:37:44.699Z" },
    { url = "https://files.pythonhosted.org/packages/05/a3/90cad7bfbd765f39bcd96af3efdefcf6fd05a49b7e81fc281f1be7a8e637/pywavelets-1.7.0-cp312-cp312-manylinux_2_17_aarch64.manylinux2014_aarch64.whl", hash = "sha256:6ad14d8b5a412a621406276b8ae8ee1e369ba7a7f8e517fb87355bcb8106820f", size = 4420514, upload_time = "2024-08-12T16:37:46.386Z" },
    { url = "https://files.pythonhosted.org/packages/53/b6/08d5ea524a5ed25e1f94fba428ac605f0f774bea4a8cf14dbdc7947a2bc5/pywavelets-1.7.0-cp312-cp312-manylinux_2_17_x86_64.manylinux2014_x86_64.whl", hash = "sha256:0bd2611076f5d2c4ad940421bbb3c450b6a53d8ca24bde02662455dc67c70dac", size = 4453780, upload_time = "2024-08-12T16:37:48.769Z" },
    { url = "https://files.pythonhosted.org/packages/f3/34/ad1502dc37295249000d3644c5bd183f5c063e9cebb3a37a9422121d77c1/pywavelets-1.7.0-cp312-cp312-musllinux_1_2_aarch64.whl", hash = "sha256:40ebb994b332d48db3b0564e3c335c4f8ba236283939f5167de099766cf16517", size = 4448531, upload_time = "2024-08-12T16:37:50.624Z" },
    { url = "https://files.pythonhosted.org/packages/f5/52/8e756c9783e7e7c43058cc3e9e9633935206ac77ff13580d489669d84b98/pywavelets-1.7.0-cp312-cp312-musllinux_1_2_x86_64.whl", hash = "sha256:4a2a8cc39901f09d82fc94007026f9aed63876e334ae043eb26caa601aee2551", size = 4477268, upload_time = "2024-08-12T16:37:58.684Z" },
    { url = "https://files.pythonhosted.org/packages/ce/74/15942502ec146c0e06d3f62ebeeeb2cfa873b57413a44238171cc3658387/pywavelets-1.7.0-cp312-cp312-win32.whl", hash = "sha256:0cd599c78fc240cbadb63344d73912fc79e8dccbb0db8a8bd5143df400c3a519", size = 4171601, upload_time = "2024-08-12T16:38:00.42Z" },
    { url = "https://files.pythonhosted.org/packages/d6/bf/dc8836f983876a43cb15791f0ff15dab6631f423ca6ba55c068d8764ddf8/pywavelets-1.7.0-cp312-cp312-win_amd64.whl", hash = "sha256:29a912c074977db6adf3782dfbd414945805039b755d0c23979bc823f1b4e9c3", size = 4247115, upload_time = "2024-08-12T16:38:02.255Z" },
    { url = "https://files.pythonhosted.org/packages/52/0f/daedf2516c22cdb3ef208de286e77ebbf69da1c08cca3e086ecec057c738/pywavelets-1.7.0-cp313-cp313-macosx_10_13_x86_64.whl", hash = "sha256:6a322607b8c2985997ea45317d36cab58f0223ccf4c5b6540b612ed067d099ff", size = 4312598, upload_time = "2024-08-12T16:38:04.793Z" },
    { url = "https://files.pythonhosted.org/packages/e9/68/eb5a02ec3ade3076af47a4236f744ec6859506036976b93072bbf47cc8a3/pywavelets-1.7.0-cp313-cp313-macosx_11_0_arm64.whl", hash = "sha256:0f402424288178fd105a5cb76e1818649dc67e4a08d1b9974c8c7ef01dc5feb3", size = 4283781, upload_time = "2024-08-12T16:38:07.169Z" },
    { url = "https://files.pythonhosted.org/packages/84/d0/3b839e6f05db4b6834fcc83f37e8bb6d7abdccfb8899000a2898c62d0c53/pywavelets-1.7.0-cp313-cp313-manylinux_2_17_aarch64.manylinux2014_aarch64.whl", hash = "sha256:4ff81dd8288afdd5f2eae6c44f963152b41e14e2e5fc647b608c97bd6f8270fe", size = 4412092, upload_time = "2024-08-12T16:38:09.571Z" },
    { url = "https://files.pythonhosted.org/packages/c0/3c/55137ea3b137b9e7a72822275f51214b91f3c368c9eb3ea671e1e3bb0786/pywavelets-1.7.0-cp313-cp313-manylinux_2_17_x86_64.manylinux2014_x86_64.whl", hash = "sha256:259ccf233879cf0ed66052ffd174dcabe6314e92b53aa2de25f4ae50b08ea1e3", size = 4444608, upload_time = "2024-08-12T16:38:11.266Z" },
    { url = "https://files.pythonhosted.org/packages/88/63/2fce3368cca2cc988723e6d48e68ce1056825675841fc1a9042629f8d1a9/pywavelets-1.7.0-cp313-cp313-musllinux_1_2_aarch64.whl", hash = "sha256:105249d2bf824bddfb286e4e08934ff1e8829aa3077dab74ce3b2921a09caa43", size = 4445280, upload_time = "2024-08-12T16:38:13.397Z" },
    { url = "https://files.pythonhosted.org/packages/5e/84/8d385d4a1e5ea79e166c3f65d6a58c76e5fa63106fa29c7c2c9deb03ddbb/pywavelets-1.7.0-cp313-cp313-musllinux_1_2_x86_64.whl", hash = "sha256:eac60fdb28bd421f72eb18824bd2e4f36c3dab0d7f4802ebfe4bbf68744a524a", size = 4478438, upload_time = "2024-08-12T16:38:15.09Z" },
    { url = "https://files.pythonhosted.org/packages/2d/f0/35ae951344e3a5a7e6824aff9476032f4f2ebab3ef050c4d2d91321a7669/pywavelets-1.7.0-cp313-cp313-win32.whl", hash = "sha256:097bd03ee1b687942fa2f82ad0d35849879eef0ac82fc6f757d6ef881c53db6d", size = 4170479, upload_time = "2024-08-12T16:38:17.421Z" },
    { url = "https://files.pythonhosted.org/packages/19/11/e0b349efd034a40cc086e166edbed5c9fa59f27f298b42be4fb6004a82dc/pywavelets-1.7.0-cp313-cp313-win_amd64.whl", hash = "sha256:71918b973950c013c17ff28c3fc2958dfff68ec767ef60cd927a3ac4ff5a7345", size = 4246094, upload_time = "2024-08-12T16:38:19.35Z" },
    { url = "https://files.pythonhosted.org/packages/f9/39/8e39c95a7d99e731ab5bcb43ba40778b091a740178000823b56e19d90dcb/pywavelets-1.7.0-cp313-cp313t-macosx_11_0_arm64.whl", hash = "sha256:5b7e1a212269d3e48318388744684b702c6a649a70758e35e9a88614316e9b91", size = 4326062, upload_time = "2024-08-12T16:38:21.007Z" },
    { url = "https://files.pythonhosted.org/packages/8a/74/036d4a80a48d847161fb3f967239fcd49901809fc93cd25eab3a051f5300/pywavelets-1.7.0-cp313-cp313t-manylinux_2_17_x86_64.manylinux2014_x86_64.whl", hash = "sha256:a0d8c641aa26e040d62166cbe2052dd3cd575e3e0c78c00c52770be6d7dd386b", size = 4441602, upload_time = "2024-08-12T16:38:23.009Z" },
    { url = "https://files.pythonhosted.org/packages/d7/76/a5ff1f1afe1e84c961c7e4b541684c2515ba4c529359f0ee2d9305cb9cd9/pywavelets-1.7.0-cp313-cp313t-musllinux_1_2_x86_64.whl", hash = "sha256:e0611ffb6ceeee1b677bd224e657895193eec03ad39538f5263ce61db465f836", size = 4466593, upload_time = "2024-08-12T16:38:25.065Z" },
]

[[package]]
name = "scipy"
version = "1.14.1"
source = { registry = "https://pypi.org/simple" }
dependencies = [
    { name = "numpy" },
]
sdist = { url = "https://files.pythonhosted.org/packages/62/11/4d44a1f274e002784e4dbdb81e0ea96d2de2d1045b2132d5af62cc31fd28/scipy-1.14.1.tar.gz", hash = "sha256:5a275584e726026a5699459aa72f828a610821006228e841b94275c4a7c08417", size = 58620554, upload_time = "2024-08-21T00:09:20.662Z" }
wheels = [
    { url = "https://files.pythonhosted.org/packages/c0/04/2bdacc8ac6387b15db6faa40295f8bd25eccf33f1f13e68a72dc3c60a99e/scipy-1.14.1-cp312-cp312-macosx_10_13_x86_64.whl", hash = "sha256:631f07b3734d34aced009aaf6fedfd0eb3498a97e581c3b1e5f14a04164a456d", size = 39128781, upload_time = "2024-08-21T04:08:04.15Z" },
    { url = "https://files.pythonhosted.org/packages/c8/53/35b4d41f5fd42f5781dbd0dd6c05d35ba8aa75c84ecddc7d44756cd8da2e/scipy-1.14.1-cp312-cp312-macosx_12_0_arm64.whl", hash = "sha256:af29a935803cc707ab2ed7791c44288a682f9c8107bc00f0eccc4f92c08d6e07", size = 29939542, upload_time = "2024-08-21T00:05:25.758Z" },
    { url = "https://files.pythonhosted.org/packages/66/67/6ef192e0e4d77b20cc33a01e743b00bc9e68fb83b88e06e636d2619a8767/scipy-1.14.1-cp312-cp312-macosx_14_0_arm64.whl", hash = "sha256:2843f2d527d9eebec9a43e6b406fb7266f3af25a751aa91d62ff416f54170bc5", size = 23148375, upload_time = "2024-08-21T00:05:30.359Z" },
    { url = "https://files.pythonhosted.org/packages/f6/32/3a6dedd51d68eb7b8e7dc7947d5d841bcb699f1bf4463639554986f4d782/scipy-1.14.1-cp312-cp312-macosx_14_0_x86_64.whl", hash = "sha256:eb58ca0abd96911932f688528977858681a59d61a7ce908ffd355957f7025cfc", size = 25578573, upload_time = "2024-08-21T00:05:35.274Z" },
    { url = "https://files.pythonhosted.org/packages/f0/5a/efa92a58dc3a2898705f1dc9dbaf390ca7d4fba26d6ab8cfffb0c72f656f/scipy-1.14.1-cp312-cp312-manylinux_2_17_aarch64.manylinux2014_aarch64.whl", hash = "sha256:30ac8812c1d2aab7131a79ba62933a2a76f582d5dbbc695192453dae67ad6310", size = 35319299, upload_time = "2024-08-21T00:05:40.956Z" },
    { url = "https://files.pythonhosted.org/packages/8e/ee/8a26858ca517e9c64f84b4c7734b89bda8e63bec85c3d2f432d225bb1886/scipy-1.14.1-cp312-cp312-manylinux_2_17_x86_64.manylinux2014_x86_64.whl", hash = "sha256:8f9ea80f2e65bdaa0b7627fb00cbeb2daf163caa015e59b7516395fe3bd1e066", size = 40849331, upload_time = "2024-08-21T00:05:47.53Z" },
    { url = "https://files.pythonhosted.org/packages/a5/cd/06f72bc9187840f1c99e1a8750aad4216fc7dfdd7df46e6280add14b4822/scipy-1.14.1-cp312-cp312-musllinux_1_2_x86_64.whl", hash = "sha256:edaf02b82cd7639db00dbff629995ef185c8df4c3ffa71a5562a595765a06ce1", size = 42544049, upload_time = "2024-08-21T00:05:59.294Z" },
    { url = "https://files.pythonhosted.org/packages/aa/7d/43ab67228ef98c6b5dd42ab386eae2d7877036970a0d7e3dd3eb47a0d530/scipy-1.14.1-cp312-cp312-win_amd64.whl", hash = "sha256:2ff38e22128e6c03ff73b6bb0f85f897d2362f8c052e3b8ad00532198fbdae3f", size = 44521212, upload_time = "2024-08-21T00:06:06.521Z" },
    { url = "https://files.pythonhosted.org/packages/50/ef/ac98346db016ff18a6ad7626a35808f37074d25796fd0234c2bb0ed1e054/scipy-1.14.1-cp313-cp313-macosx_10_13_x86_64.whl", hash = "sha256:1729560c906963fc8389f6aac023739ff3983e727b1a4d87696b7bf108316a79", size = 39091068, upload_time = "2024-08-21T00:06:13.671Z" },
    { url = "https://files.pythonhosted.org/packages/b9/cc/70948fe9f393b911b4251e96b55bbdeaa8cca41f37c26fd1df0232933b9e/scipy-1.14.1-cp313-cp313-macosx_12_0_arm64.whl", hash = "sha256:4079b90df244709e675cdc8b93bfd8a395d59af40b72e339c2287c91860deb8e", size = 29875417, upload_time = "2024-08-21T00:06:21.482Z" },
    { url = "https://files.pythonhosted.org/packages/3b/2e/35f549b7d231c1c9f9639f9ef49b815d816bf54dd050da5da1c11517a218/scipy-1.14.1-cp313-cp313-macosx_14_0_arm64.whl", hash = "sha256:e0cf28db0f24a38b2a0ca33a85a54852586e43cf6fd876365c86e0657cfe7d73", size = 23084508, upload_time = "2024-08-21T00:06:28.064Z" },
    { url = "https://files.pythonhosted.org/packages/3f/d6/b028e3f3e59fae61fb8c0f450db732c43dd1d836223a589a8be9f6377203/scipy-1.14.1-cp313-cp313-macosx_14_0_x86_64.whl", hash = "sha256:0c2f95de3b04e26f5f3ad5bb05e74ba7f68b837133a4492414b3afd79dfe540e", size = 25503364, upload_time = "2024-08-21T00:06:35.25Z" },
    { url = "https://files.pythonhosted.org/packages/a7/2f/6c142b352ac15967744d62b165537a965e95d557085db4beab2a11f7943b/scipy-1.14.1-cp313-cp313-manylinux_2_17_aarch64.manylinux2014_aarch64.whl", hash = "sha256:b99722ea48b7ea25e8e015e8341ae74624f72e5f21fc2abd45f3a93266de4c5d", size = 35292639, upload_time = "2024-08-21T00:06:44.542Z" },
    { url = "https://files.pythonhosted.org/packages/56/46/2449e6e51e0d7c3575f289f6acb7f828938eaab8874dbccfeb0cd2b71a27/scipy-1.14.1-cp313-cp313-manylinux_2_17_x86_64.manylinux2014_x86_64.whl", hash = "sha256:5149e3fd2d686e42144a093b206aef01932a0059c2a33ddfa67f5f035bdfe13e", size = 40798288, upload_time = "2024-08-21T00:06:54.182Z" },
    { url = "https://files.pythonhosted.org/packages/32/cd/9d86f7ed7f4497c9fd3e39f8918dd93d9f647ba80d7e34e4946c0c2d1a7c/scipy-1.14.1-cp313-cp313-musllinux_1_2_x86_64.whl", hash = "sha256:e4f5a7c49323533f9103d4dacf4e4f07078f360743dec7f7596949149efeec06", size = 42524647, upload_time = "2024-08-21T00:07:04.649Z" },
    { url = "https://files.pythonhosted.org/packages/f5/1b/6ee032251bf4cdb0cc50059374e86a9f076308c1512b61c4e003e241efb7/scipy-1.14.1-cp313-cp313-win_amd64.whl", hash = "sha256:baff393942b550823bfce952bb62270ee17504d02a1801d7fd0719534dfb9c84", size = 44469524, upload_time = "2024-08-21T00:07:15.381Z" },
]

[[package]]
name = "setuptools"
version = "75.2.0"
source = { registry = "https://pypi.org/simple" }
sdist = { url = "https://files.pythonhosted.org/packages/07/37/b31be7e4b9f13b59cde9dcaeff112d401d49e0dc5b37ed4a9fc8fb12f409/setuptools-75.2.0.tar.gz", hash = "sha256:753bb6ebf1f465a1912e19ed1d41f403a79173a9acf66a42e7e6aec45c3c16ec", size = 1350308, upload_time = "2024-10-16T10:21:56.437Z" }
wheels = [
    { url = "https://files.pythonhosted.org/packages/31/2d/90165d51ecd38f9a02c6832198c13a4e48652485e2ccf863ebb942c531b6/setuptools-75.2.0-py3-none-any.whl", hash = "sha256:a7fcb66f68b4d9e8e66b42f9876150a3371558f98fa32222ffaa5bced76406f8", size = 1249825, upload_time = "2024-10-16T10:21:53.64Z" },
]

[[package]]
name = "tesserocr"
version = "2.8.0"
source = { registry = "https://pypi.org/simple" }
sdist = { url = "https://files.pythonhosted.org/packages/4f/d6/145858a1aff0310cdf709b8c5895d43660680202296ce6e5980dd2412d53/tesserocr-2.8.0.tar.gz", hash = "sha256:be518d1b1b5ff54c11aada1e0fd12942509ea70581e0a8b39a2a473a0b2dbd36", size = 72564, upload_time = "2025-02-12T12:41:53.7Z" }
wheels = [
    { url = "https://files.pythonhosted.org/packages/83/35/1d09dd15e84a328d3582642f7d264440cb9368ae05b6910e74c8b56ec1a9/tesserocr-2.8.0-cp312-cp312-macosx_13_0_x86_64.whl", hash = "sha256:7a0b03d46a0ad2265b83f461ca305a6e5aaac2626853a82012c6198bb4105d66", size = 4100509, upload_time = "2025-02-12T12:41:21.676Z" },
    { url = "https://files.pythonhosted.org/packages/2c/df/db162d7c6a5ee29946a56598d69777e7fb0f58e91d80693a004c1ed6f2d8/tesserocr-2.8.0-cp312-cp312-macosx_15_0_arm64.whl", hash = "sha256:c9acde3d66d6ef40f95e4cef424b24acbf90e278396827fc064915c665c6548d", size = 3611549, upload_time = "2025-02-12T12:41:24.112Z" },
    { url = "https://files.pythonhosted.org/packages/70/66/66cacf504a0b7694239f7f959fab2834c87270d548a1f083cfcddfadba4f/tesserocr-2.8.0-cp312-cp312-manylinux_2_28_aarch64.whl", hash = "sha256:426dfff81bae757faa25477feaf783f6f5bcdb94ae6a95f4fe24eda97f4825c0", size = 4889442, upload_time = "2025-02-12T12:41:28.979Z" },
    { url = "https://files.pythonhosted.org/packages/58/7c/ee6e4992b08713a494ce55764cbfae27d7b54396acbd2b7041a3d51d3096/tesserocr-2.8.0-cp312-cp312-manylinux_2_28_x86_64.whl", hash = "sha256:7cb74e1ce1bc038a5cc6db90e5a79cb55d6db1b7e6fe7a0d9eb30475fdfd9036", size = 5205263, upload_time = "2025-02-12T12:41:31.596Z" },
    { url = "https://files.pythonhosted.org/packages/3f/60/8f202b59f729ddb509d00449e946f4f355bf72c7c4d2ef9663c60240153d/tesserocr-2.8.0-cp312-cp312-musllinux_1_2_x86_64.whl", hash = "sha256:9ad1a2900424994ca5caa2470be04bd1c6ee3f0674b0050a34b556f6ba7d2ed5", size = 6602429, upload_time = "2025-02-12T12:41:36.773Z" },
    { url = "https://files.pythonhosted.org/packages/b2/43/1739cf5e2223bf0ea270c933b71763b8a7c4616064e309e660c8e43bec02/tesserocr-2.8.0-cp313-cp313-macosx_13_0_x86_64.whl", hash = "sha256:44b3396d52379155fd838931b78b044129c7c77a8f02a92574cde626cff9b4a8", size = 4099019, upload_time = "2025-02-12T12:41:39.368Z" },
    { url = "https://files.pythonhosted.org/packages/d9/9d/7b8a8e29050d90446b81ccc5a3cc3256d62cff145628e718f7286a64dd14/tesserocr-2.8.0-cp313-cp313-macosx_15_0_arm64.whl", hash = "sha256:1edd2302f4a91b5491a4ce3f63e612441adf92fd81b339b85cbedb3b5b40f206", size = 3609710, upload_time = "2025-02-12T12:41:43.128Z" },
    { url = "https://files.pythonhosted.org/packages/76/0b/b445adba94ccbabfe59e5cd0247285ccc4263103bed8fd54b835a973c200/tesserocr-2.8.0-cp313-cp313-manylinux_2_28_aarch64.whl", hash = "sha256:b0dd849ce77373f9ac4b54d345b4d7115414e525e57a158e948887d744c6f909", size = 4886946, upload_time = "2025-02-12T12:41:46.594Z" },
    { url = "https://files.pythonhosted.org/packages/13/e4/bf4ab45d49459d0e9e727603d5ed077552afd252e6e7886259e57fc9f10d/tesserocr-2.8.0-cp313-cp313-manylinux_2_28_x86_64.whl", hash = "sha256:9ce710a73308964f2ac53f94b4980d2791bb67a82863bb7ef0ca445c1b325aa4", size = 5206055, upload_time = "2025-02-12T12:41:49.217Z" },
    { url = "https://files.pythonhosted.org/packages/05/11/cf253d8de880f72924084e2570bc9df54e9d0013094c602a85cd962a70ff/tesserocr-2.8.0-cp313-cp313-musllinux_1_2_x86_64.whl", hash = "sha256:a7a36af39aaf29a152c629cf62457192944f8854fbdd28395ef92d283e800662", size = 6599015, upload_time = "2025-02-12T12:41:52.017Z" },
]

[[package]]
name = "tqdm"
version = "4.66.5"
source = { registry = "https://pypi.org/simple" }
dependencies = [
    { name = "colorama", marker = "sys_platform == 'win32'" },
]
sdist = { url = "https://files.pythonhosted.org/packages/58/83/6ba9844a41128c62e810fddddd72473201f3eacde02046066142a2d96cc5/tqdm-4.66.5.tar.gz", hash = "sha256:e1020aef2e5096702d8a025ac7d16b1577279c9d63f8375b63083e9a5f0fcbad", size = 169504, upload_time = "2024-08-03T22:35:40.339Z" }
wheels = [
    { url = "https://files.pythonhosted.org/packages/48/5d/acf5905c36149bbaec41ccf7f2b68814647347b72075ac0b1fe3022fdc73/tqdm-4.66.5-py3-none-any.whl", hash = "sha256:90279a3770753eafc9194a0364852159802111925aa30eb3f9d85b0e805ac7cd", size = 78351, upload_time = "2024-08-03T22:35:36.644Z" },
]
